
Microsoft Visual Studio Solution File, Format Version 12.00
# Visual Studio Version 17
VisualStudioVersion = 17.3.32804.467
MinimumVisualStudioVersion = 10.0.40219.1
Project("{9A19103F-16F7-4668-BE54-9A1E7A4F7556}") = "Project1WebAPI", "Project1WebAPI\Project1WebAPI\Project1WebAPI.csproj", "{F693F158-D9F4-478E-97A0-916CC08500EE}"
EndProject
Project("{9A19103F-16F7-4668-BE54-9A1E7A4F7556}") = "BusinessLayer", "BusinessLayer\BusinessLayer.csproj", "{ABB04772-066D-4112-9936-E61538253CB1}"
EndProject
Project("{9A19103F-16F7-4668-BE54-9A1E7A4F7556}") = "Models", "Models\Models.csproj", "{BB74CFAF-A472-40B4-84BF-F46BB3F97B2D}"
EndProject
Project("{9A19103F-16F7-4668-BE54-9A1E7A4F7556}") = "RepoLayer", "RepoLayer\RepoLayer.csproj", "{A3FBF6E9-7DE8-45C0-8734-39100AC3BE53}"
EndProject
Global
	GlobalSection(SolutionConfigurationPlatforms) = preSolution
		Debug|Any CPU = Debug|Any CPU
		Release|Any CPU = Release|Any CPU
	EndGlobalSection
	GlobalSection(ProjectConfigurationPlatforms) = postSolution
		{F693F158-D9F4-478E-97A0-916CC08500EE}.Debug|Any CPU.ActiveCfg = Debug|Any CPU
		{F693F158-D9F4-478E-97A0-916CC08500EE}.Debug|Any CPU.Build.0 = Debug|Any CPU
		{F693F158-D9F4-478E-97A0-916CC08500EE}.Release|Any CPU.ActiveCfg = Release|Any CPU
		{F693F158-D9F4-478E-97A0-916CC08500EE}.Release|Any CPU.Build.0 = Release|Any CPU
		{ABB04772-066D-4112-9936-E61538253CB1}.Debug|Any CPU.ActiveCfg = Debug|Any CPU
		{ABB04772-066D-4112-9936-E61538253CB1}.Debug|Any CPU.Build.0 = Debug|Any CPU
		{ABB04772-066D-4112-9936-E61538253CB1}.Release|Any CPU.ActiveCfg = Release|Any CPU
		{ABB04772-066D-4112-9936-E61538253CB1}.Release|Any CPU.Build.0 = Release|Any CPU
		{BB74CFAF-A472-40B4-84BF-F46BB3F97B2D}.Debug|Any CPU.ActiveCfg = Debug|Any CPU
		{BB74CFAF-A472-40B4-84BF-F46BB3F97B2D}.Debug|Any CPU.Build.0 = Debug|Any CPU
		{BB74CFAF-A472-40B4-84BF-F46BB3F97B2D}.Release|Any CPU.ActiveCfg = Release|Any CPU
		{BB74CFAF-A472-40B4-84BF-F46BB3F97B2D}.Release|Any CPU.Build.0 = Release|Any CPU
		{A3FBF6E9-7DE8-45C0-8734-39100AC3BE53}.Debug|Any CPU.ActiveCfg = Debug|Any CPU
		{A3FBF6E9-7DE8-45C0-8734-39100AC3BE53}.Debug|Any CPU.Build.0 = Debug|Any CPU
		{A3FBF6E9-7DE8-45C0-8734-39100AC3BE53}.Release|Any CPU.ActiveCfg = Release|Any CPU
		{A3FBF6E9-7DE8-45C0-8734-39100AC3BE53}.Release|Any CPU.Build.0 = Release|Any CPU
	EndGlobalSection
	GlobalSection(SolutionProperties) = preSolution
		HideSolutionNode = FALSE
	EndGlobalSection
	GlobalSection(ExtensibilityGlobals) = postSolution
		SolutionGuid = {2E8612D6-C698-4027-8F94-B469864FDDE6}
	EndGlobalSection
EndGlobal
